
Microsoft Visual Studio Solution File, Format Version 12.00
# Visual Studio Version 16
VisualStudioVersion = 16.0.30002.166
MinimumVisualStudioVersion = 10.0.40219.1
Project("{FAE04EC0-301F-11D3-BF4B-00C04F79EFBC}") = "mf.DoToo.Android", "mf.DoToo.Android\mf.DoToo.Android.csproj", "{9A78AF9F-AE73-4414-BA23-83E8CF8019AD}"
EndProject
Project("{FAE04EC0-301F-11D3-BF4B-00C04F79EFBC}") = "mf.DoToo", "mf.DoToo\mf.DoToo.csproj", "{3CAC9AD3-0CC3-4C79-B4AE-B3EAE71E327C}"
EndProject
Global
	GlobalSection(SolutionConfigurationPlatforms) = preSolution
		Debug|Any CPU = Debug|Any CPU
		Release|Any CPU = Release|Any CPU
	EndGlobalSection
	GlobalSection(ProjectConfigurationPlatforms) = postSolution
		{9A78AF9F-AE73-4414-BA23-83E8CF8019AD}.Debug|Any CPU.ActiveCfg = Debug|Any CPU
		{9A78AF9F-AE73-4414-BA23-83E8CF8019AD}.Debug|Any CPU.Build.0 = Debug|Any CPU
		{9A78AF9F-AE73-4414-BA23-83E8CF8019AD}.Debug|Any CPU.Deploy.0 = Debug|Any CPU
		{9A78AF9F-AE73-4414-BA23-83E8CF8019AD}.Release|Any CPU.ActiveCfg = Release|Any CPU
		{9A78AF9F-AE73-4414-BA23-83E8CF8019AD}.Release|Any CPU.Build.0 = Release|Any CPU
		{9A78AF9F-AE73-4414-BA23-83E8CF8019AD}.Release|Any CPU.Deploy.0 = Release|Any CPU
		{3CAC9AD3-0CC3-4C79-B4AE-B3EAE71E327C}.Debug|Any CPU.ActiveCfg = Debug|Any CPU
		{3CAC9AD3-0CC3-4C79-B4AE-B3EAE71E327C}.Debug|Any CPU.Build.0 = Debug|Any CPU
		{3CAC9AD3-0CC3-4C79-B4AE-B3EAE71E327C}.Debug|Any CPU.Deploy.0 = Debug|Any CPU
		{3CAC9AD3-0CC3-4C79-B4AE-B3EAE71E327C}.Release|Any CPU.ActiveCfg = Release|Any CPU
		{3CAC9AD3-0CC3-4C79-B4AE-B3EAE71E327C}.Release|Any CPU.Build.0 = Release|Any CPU
		{3CAC9AD3-0CC3-4C79-B4AE-B3EAE71E327C}.Release|Any CPU.Deploy.0 = Release|Any CPU
	EndGlobalSection
	GlobalSection(SolutionProperties) = preSolution
		HideSolutionNode = FALSE
	EndGlobalSection
	GlobalSection(ExtensibilityGlobals) = postSolution
		SolutionGuid = {A210C086-DCB6-4422-B0FE-09931AEF4F6D}
	EndGlobalSection
EndGlobal
